
Microsoft Visual Studio Solution File, Format Version 12.00
# Visual Studio 15
VisualStudioVersion = 15.0.28307.329
MinimumVisualStudioVersion = 10.0.40219.1
Project("{FAE04EC0-301F-11D3-BF4B-00C04F79EFBC}") = "WebApplication2", "WebApplication2\WebApplication2.csproj", "{192B0318-4B89-40BF-8DF2-35AC7EF1FDAC}"
EndProject
Global
	GlobalSection(SolutionConfigurationPlatforms) = preSolution
		Debug|Any CPU = Debug|Any CPU
		Release|Any CPU = Release|Any CPU
	EndGlobalSection
	GlobalSection(ProjectConfigurationPlatforms) = postSolution
		{192B0318-4B89-40BF-8DF2-35AC7EF1FDAC}.Debug|Any CPU.ActiveCfg = Debug|Any CPU
		{192B0318-4B89-40BF-8DF2-35AC7EF1FDAC}.Debug|Any CPU.Build.0 = Debug|Any CPU
		{192B0318-4B89-40BF-8DF2-35AC7EF1FDAC}.Release|Any CPU.ActiveCfg = Release|Any CPU
		{192B0318-4B89-40BF-8DF2-35AC7EF1FDAC}.Release|Any CPU.Build.0 = Release|Any CPU
	EndGlobalSection
	GlobalSection(SolutionProperties) = preSolution
		HideSolutionNode = FALSE
	EndGlobalSection
	GlobalSection(ExtensibilityGlobals) = postSolution
		SolutionGuid = {F096AA64-E895-4FC9-A2BE-94F89FD73EED}
	EndGlobalSection
EndGlobal
